
Microsoft Visual Studio Solution File, Format Version 12.00
# Visual Studio Version 17
VisualStudioVersion = 17.14.36414.22 d17.14
MinimumVisualStudioVersion = 10.0.40219.1
Project("{FAE04EC0-301F-11D3-BF4B-00C04F79EFBC}") = "Emmory.Api", "Emmory.Api.csproj", "{B64F797D-C074-4A57-837A-A0118C613D69}"
EndProject
Global
	GlobalSection(SolutionConfigurationPlatforms) = preSolution
		Debug|Any CPU = Debug|Any CPU
		Release|Any CPU = Release|Any CPU
	EndGlobalSection
	GlobalSection(ProjectConfigurationPlatforms) = postSolution
		{B64F797D-C074-4A57-837A-A0118C613D69}.Debug|Any CPU.ActiveCfg = Debug|Any CPU
		{B64F797D-C074-4A57-837A-A0118C613D69}.Debug|Any CPU.Build.0 = Debug|Any CPU
		{B64F797D-C074-4A57-837A-A0118C613D69}.Release|Any CPU.ActiveCfg = Release|Any CPU
		{B64F797D-C074-4A57-837A-A0118C613D69}.Release|Any CPU.Build.0 = Release|Any CPU
	EndGlobalSection
	GlobalSection(SolutionProperties) = preSolution
		HideSolutionNode = FALSE
	EndGlobalSection
	GlobalSection(ExtensibilityGlobals) = postSolution
		SolutionGuid = {51D52D8E-7887-44C1-B16A-CB2D5C21AB56}
	EndGlobalSection
EndGlobal
